
Microsoft Visual Studio Solution File, Format Version 12.00
# Visual Studio Version 17
VisualStudioVersion = 17.3.32922.545
MinimumVisualStudioVersion = 10.0.40219.1
Project("{9A19103F-16F7-4668-BE54-9A1E7A4F7556}") = "KD.API", "KD.API\KD.API.csproj", "{B1F53634-3D9F-43C3-9C72-992C74BF77CF}"
EndProject
Project("{9A19103F-16F7-4668-BE54-9A1E7A4F7556}") = "KD.DAL", "KD.DAL\KD.DAL.csproj", "{D88027AE-108F-4FF2-94D9-58C35C00B701}"
EndProject
Project("{FAE04EC0-301F-11D3-BF4B-00C04F79EFBC}") = "KD.Core", "Core\KD.Core\KD.Core.csproj", "{5E26CAAF-0A94-4F0A-A73E-76916B8AA65C}"
EndProject
Project("{2150E333-8FDC-42A3-9474-1A3956D46DE8}") = "Core", "Core", "{A197CCD3-6F3E-4065-95ED-0DAA3EA7F569}"
EndProject
Global
	GlobalSection(SolutionConfigurationPlatforms) = preSolution
		Debug|Any CPU = Debug|Any CPU
		Release|Any CPU = Release|Any CPU
	EndGlobalSection
	GlobalSection(ProjectConfigurationPlatforms) = postSolution
		{B1F53634-3D9F-43C3-9C72-992C74BF77CF}.Debug|Any CPU.ActiveCfg = Debug|Any CPU
		{B1F53634-3D9F-43C3-9C72-992C74BF77CF}.Debug|Any CPU.Build.0 = Debug|Any CPU
		{B1F53634-3D9F-43C3-9C72-992C74BF77CF}.Release|Any CPU.ActiveCfg = Release|Any CPU
		{B1F53634-3D9F-43C3-9C72-992C74BF77CF}.Release|Any CPU.Build.0 = Release|Any CPU
		{D88027AE-108F-4FF2-94D9-58C35C00B701}.Debug|Any CPU.ActiveCfg = Debug|Any CPU
		{D88027AE-108F-4FF2-94D9-58C35C00B701}.Debug|Any CPU.Build.0 = Debug|Any CPU
		{D88027AE-108F-4FF2-94D9-58C35C00B701}.Release|Any CPU.ActiveCfg = Release|Any CPU
		{D88027AE-108F-4FF2-94D9-58C35C00B701}.Release|Any CPU.Build.0 = Release|Any CPU
		{5E26CAAF-0A94-4F0A-A73E-76916B8AA65C}.Debug|Any CPU.ActiveCfg = Debug|Any CPU
		{5E26CAAF-0A94-4F0A-A73E-76916B8AA65C}.Debug|Any CPU.Build.0 = Debug|Any CPU
		{5E26CAAF-0A94-4F0A-A73E-76916B8AA65C}.Release|Any CPU.ActiveCfg = Release|Any CPU
		{5E26CAAF-0A94-4F0A-A73E-76916B8AA65C}.Release|Any CPU.Build.0 = Release|Any CPU
	EndGlobalSection
	GlobalSection(SolutionProperties) = preSolution
		HideSolutionNode = FALSE
	EndGlobalSection
	GlobalSection(NestedProjects) = preSolution
		{5E26CAAF-0A94-4F0A-A73E-76916B8AA65C} = {A197CCD3-6F3E-4065-95ED-0DAA3EA7F569}
	EndGlobalSection
	GlobalSection(ExtensibilityGlobals) = postSolution
		SolutionGuid = {1A58D44F-513C-4809-82E3-9EA9430F5103}
	EndGlobalSection
EndGlobal
